
Microsoft Visual Studio Solution File, Format Version 12.00
# Visual Studio Version 17
VisualStudioVersion = 17.0.32014.148
MinimumVisualStudioVersion = 10.0.40219.1
Project("{2150E333-8FDC-42A3-9474-1A3956D46DE8}") = "Microservices", "Microservices", "{1C893BC1-24D4-4FD7-B7A1-3DBAAAFAF28F}"
EndProject
Project("{9A19103F-16F7-4668-BE54-9A1E7A4F7556}") = "Application.Microservice", "Application.Microservice\Application.Microservice.csproj", "{0ECDE9CD-BEB9-4E54-B6A1-5E5291D9B4EB}"
EndProject
Project("{9A19103F-16F7-4668-BE54-9A1E7A4F7556}") = "Student.Microservice", "Student.Microservice\Student.Microservice.csproj", "{FE9196D0-881E-4FC4-992B-579BE1B5147E}"
EndProject
Project("{9A19103F-16F7-4668-BE54-9A1E7A4F7556}") = "Account.Microservice", "Account.Microservice\Account.Microservice.csproj", "{3DB718F7-4AEE-44F3-844E-1AC21EA17E94}"
EndProject
Project("{9A19103F-16F7-4668-BE54-9A1E7A4F7556}") = "Gateway.WebApi", "Gateway.WebApi\Gateway.WebApi.csproj", "{424F2914-B592-4124-86C3-630A886A7882}"
EndProject
Project("{2150E333-8FDC-42A3-9474-1A3956D46DE8}") = "Tests", "Tests", "{64897474-795E-4ABB-B996-B15C71166E46}"
EndProject
Project("{FAE04EC0-301F-11D3-BF4B-00C04F79EFBC}") = "Account.Microservices.Tests", "Account.Microservices.Tests\Account.Microservices.Tests.csproj", "{86567948-3994-4E83-B523-098BB3F6E887}"
EndProject
Global
	GlobalSection(SolutionConfigurationPlatforms) = preSolution
		Debug|Any CPU = Debug|Any CPU
		Release|Any CPU = Release|Any CPU
	EndGlobalSection
	GlobalSection(ProjectConfigurationPlatforms) = postSolution
		{0ECDE9CD-BEB9-4E54-B6A1-5E5291D9B4EB}.Debug|Any CPU.ActiveCfg = Debug|Any CPU
		{0ECDE9CD-BEB9-4E54-B6A1-5E5291D9B4EB}.Debug|Any CPU.Build.0 = Debug|Any CPU
		{0ECDE9CD-BEB9-4E54-B6A1-5E5291D9B4EB}.Release|Any CPU.ActiveCfg = Release|Any CPU
		{0ECDE9CD-BEB9-4E54-B6A1-5E5291D9B4EB}.Release|Any CPU.Build.0 = Release|Any CPU
		{FE9196D0-881E-4FC4-992B-579BE1B5147E}.Debug|Any CPU.ActiveCfg = Debug|Any CPU
		{FE9196D0-881E-4FC4-992B-579BE1B5147E}.Debug|Any CPU.Build.0 = Debug|Any CPU
		{FE9196D0-881E-4FC4-992B-579BE1B5147E}.Release|Any CPU.ActiveCfg = Release|Any CPU
		{FE9196D0-881E-4FC4-992B-579BE1B5147E}.Release|Any CPU.Build.0 = Release|Any CPU
		{3DB718F7-4AEE-44F3-844E-1AC21EA17E94}.Debug|Any CPU.ActiveCfg = Debug|Any CPU
		{3DB718F7-4AEE-44F3-844E-1AC21EA17E94}.Debug|Any CPU.Build.0 = Debug|Any CPU
		{3DB718F7-4AEE-44F3-844E-1AC21EA17E94}.Release|Any CPU.ActiveCfg = Release|Any CPU
		{3DB718F7-4AEE-44F3-844E-1AC21EA17E94}.Release|Any CPU.Build.0 = Release|Any CPU
		{424F2914-B592-4124-86C3-630A886A7882}.Debug|Any CPU.ActiveCfg = Debug|Any CPU
		{424F2914-B592-4124-86C3-630A886A7882}.Debug|Any CPU.Build.0 = Debug|Any CPU
		{424F2914-B592-4124-86C3-630A886A7882}.Release|Any CPU.ActiveCfg = Release|Any CPU
		{424F2914-B592-4124-86C3-630A886A7882}.Release|Any CPU.Build.0 = Release|Any CPU
		{86567948-3994-4E83-B523-098BB3F6E887}.Debug|Any CPU.ActiveCfg = Debug|Any CPU
		{86567948-3994-4E83-B523-098BB3F6E887}.Debug|Any CPU.Build.0 = Debug|Any CPU
		{86567948-3994-4E83-B523-098BB3F6E887}.Release|Any CPU.ActiveCfg = Release|Any CPU
		{86567948-3994-4E83-B523-098BB3F6E887}.Release|Any CPU.Build.0 = Release|Any CPU
	EndGlobalSection
	GlobalSection(SolutionProperties) = preSolution
		HideSolutionNode = FALSE
	EndGlobalSection
	GlobalSection(NestedProjects) = preSolution
		{0ECDE9CD-BEB9-4E54-B6A1-5E5291D9B4EB} = {1C893BC1-24D4-4FD7-B7A1-3DBAAAFAF28F}
		{FE9196D0-881E-4FC4-992B-579BE1B5147E} = {1C893BC1-24D4-4FD7-B7A1-3DBAAAFAF28F}
		{3DB718F7-4AEE-44F3-844E-1AC21EA17E94} = {1C893BC1-24D4-4FD7-B7A1-3DBAAAFAF28F}
		{86567948-3994-4E83-B523-098BB3F6E887} = {64897474-795E-4ABB-B996-B15C71166E46}
	EndGlobalSection
	GlobalSection(ExtensibilityGlobals) = postSolution
		SolutionGuid = {A8809C39-402B-458A-AC2F-6059F3B243E4}
	EndGlobalSection
EndGlobal
