
Microsoft Visual Studio Solution File, Format Version 12.00
# Visual Studio Version 17
VisualStudioVersion = 17.0.32014.148
MinimumVisualStudioVersion = 10.0.40219.1
Project("{2150E333-8FDC-42A3-9474-1A3956D46DE8}") = "Microservices", "Microservices", "{1C893BC1-24D4-4FD7-B7A1-3DBAAAFAF28F}"
EndProject
Project("{9A19103F-16F7-4668-BE54-9A1E7A4F7556}") = "Application.Microservice", "Application.Microservice\Application.Microservice.csproj", "{0ECDE9CD-BEB9-4E54-B6A1-5E5291D9B4EB}"
EndProject
Project("{9A19103F-16F7-4668-BE54-9A1E7A4F7556}") = "Student.Microservice", "Student.Microservice\Student.Microservice.csproj", "{FE9196D0-881E-4FC4-992B-579BE1B5147E}"
EndProject
Project("{9A19103F-16F7-4668-BE54-9A1E7A4F7556}") = "Account.Microservice", "Account.Microservice\Account.Microservice.csproj", "{3DB718F7-4AEE-44F3-844E-1AC21EA17E94}"
EndProject
Project("{9A19103F-16F7-4668-BE54-9A1E7A4F7556}") = "Account.Microservices.Tests", "Account.Microservices.Tests\Account.Microservices.Tests.csproj", "{86567948-3994-4E83-B523-098BB3F6E887}"
EndProject
Project("{2150E333-8FDC-42A3-9474-1A3956D46DE8}") = "Domain", "Domain", "{354EAA9D-57E7-454C-B59E-4C9AA9561F3A}"
EndProject
Project("{FAE04EC0-301F-11D3-BF4B-00C04F79EFBC}") = "Domain.Microservices.Core", "Domain.Microservices.Core\Domain.Microservices.Core.csproj", "{9263B2AF-D5E2-4D9E-B891-7C81E0E7D374}"
EndProject
Project("{2150E333-8FDC-42A3-9474-1A3956D46DE8}") = "Brokers", "Brokers", "{2EE9B6EC-DB0D-42F0-83C6-211E3794AFFB}"
EndProject
Project("{FAE04EC0-301F-11D3-BF4B-00C04F79EFBC}") = "RabbitMq.Broker", "RabbitMq.Broker\RabbitMq.Broker.csproj", "{82C16BD8-B748-45B9-880B-33B74B084A5B}"
EndProject
Project("{2150E333-8FDC-42A3-9474-1A3956D46DE8}") = "Containers", "Containers", "{23952C10-16DA-4794-8C23-0325344B5225}"
EndProject
Project("{FAE04EC0-301F-11D3-BF4B-00C04F79EFBC}") = "Container.Microservices.IoC", "Container.Microservices.IoC\Container.Microservices.IoC.csproj", "{C5AABF5A-FB1D-4290-858B-ACE2D9ACDA9E}"
EndProject
Project("{2150E333-8FDC-42A3-9474-1A3956D46DE8}") = "Account", "Account", "{BDB3A002-91D1-441A-A6D2-83F4E38B27C9}"
EndProject
Project("{2150E333-8FDC-42A3-9474-1A3956D46DE8}") = "Application", "Application", "{E9FD57DA-42B8-4D05-97F8-61F253167B7C}"
EndProject
Project("{2150E333-8FDC-42A3-9474-1A3956D46DE8}") = "Student", "Student", "{AE25C10A-CE6C-4D7A-B3E6-65C0CBDE5C85}"
EndProject
Project("{2150E333-8FDC-42A3-9474-1A3956D46DE8}") = "Presentation", "Presentation", "{B4B54CB6-416D-42C8-8435-A48B12DF8841}"
EndProject
Project("{2150E333-8FDC-42A3-9474-1A3956D46DE8}") = "Infrustracture", "Infrustracture", "{EBEB62F6-5978-48CB-8F09-A0CF76C496A9}"
EndProject
Project("{2150E333-8FDC-42A3-9474-1A3956D46DE8}") = "Application", "Application", "{67C002B1-C3F1-4D87-B51C-2F7A3685ED75}"
EndProject
Project("{FAE04EC0-301F-11D3-BF4B-00C04F79EFBC}") = "Account.Microservice.Persistence", "Account.Microservice.Persistence\Account.Microservice.Persistence.csproj", "{3465398F-ED2C-4627-B63A-F5D341DE7993}"
EndProject
Project("{FAE04EC0-301F-11D3-BF4B-00C04F79EFBC}") = "Account.Microservice.Application", "Account.Microservice.Application\Account.Microservice.Application.csproj", "{7E946AB3-EF83-4CA8-8EB9-7209454FE370}"
EndProject
Project("{FAE04EC0-301F-11D3-BF4B-00C04F79EFBC}") = "Account.Microservice.Domain", "Account.Microservice.Domain\Account.Microservice.Domain.csproj", "{7895EAE6-A80E-4E18-A87F-B04E24D64800}"
EndProject
Project("{2150E333-8FDC-42A3-9474-1A3956D46DE8}") = "Tests", "Tests", "{E7AF359A-BC68-4D84-8787-FE1A529CD7F2}"
EndProject
Global
	GlobalSection(SolutionConfigurationPlatforms) = preSolution
		Debug|Any CPU = Debug|Any CPU
		Release|Any CPU = Release|Any CPU
	EndGlobalSection
	GlobalSection(ProjectConfigurationPlatforms) = postSolution
		{0ECDE9CD-BEB9-4E54-B6A1-5E5291D9B4EB}.Debug|Any CPU.ActiveCfg = Debug|Any CPU
		{0ECDE9CD-BEB9-4E54-B6A1-5E5291D9B4EB}.Debug|Any CPU.Build.0 = Debug|Any CPU
		{0ECDE9CD-BEB9-4E54-B6A1-5E5291D9B4EB}.Release|Any CPU.ActiveCfg = Release|Any CPU
		{0ECDE9CD-BEB9-4E54-B6A1-5E5291D9B4EB}.Release|Any CPU.Build.0 = Release|Any CPU
		{FE9196D0-881E-4FC4-992B-579BE1B5147E}.Debug|Any CPU.ActiveCfg = Debug|Any CPU
		{FE9196D0-881E-4FC4-992B-579BE1B5147E}.Debug|Any CPU.Build.0 = Debug|Any CPU
		{FE9196D0-881E-4FC4-992B-579BE1B5147E}.Release|Any CPU.ActiveCfg = Release|Any CPU
		{FE9196D0-881E-4FC4-992B-579BE1B5147E}.Release|Any CPU.Build.0 = Release|Any CPU
		{3DB718F7-4AEE-44F3-844E-1AC21EA17E94}.Debug|Any CPU.ActiveCfg = Debug|Any CPU
		{3DB718F7-4AEE-44F3-844E-1AC21EA17E94}.Debug|Any CPU.Build.0 = Debug|Any CPU
		{3DB718F7-4AEE-44F3-844E-1AC21EA17E94}.Release|Any CPU.ActiveCfg = Release|Any CPU
		{3DB718F7-4AEE-44F3-844E-1AC21EA17E94}.Release|Any CPU.Build.0 = Release|Any CPU
		{86567948-3994-4E83-B523-098BB3F6E887}.Debug|Any CPU.ActiveCfg = Debug|Any CPU
		{86567948-3994-4E83-B523-098BB3F6E887}.Debug|Any CPU.Build.0 = Debug|Any CPU
		{86567948-3994-4E83-B523-098BB3F6E887}.Release|Any CPU.ActiveCfg = Release|Any CPU
		{86567948-3994-4E83-B523-098BB3F6E887}.Release|Any CPU.Build.0 = Release|Any CPU
		{9263B2AF-D5E2-4D9E-B891-7C81E0E7D374}.Debug|Any CPU.ActiveCfg = Debug|Any CPU
		{9263B2AF-D5E2-4D9E-B891-7C81E0E7D374}.Debug|Any CPU.Build.0 = Debug|Any CPU
		{9263B2AF-D5E2-4D9E-B891-7C81E0E7D374}.Release|Any CPU.ActiveCfg = Release|Any CPU
		{9263B2AF-D5E2-4D9E-B891-7C81E0E7D374}.Release|Any CPU.Build.0 = Release|Any CPU
		{82C16BD8-B748-45B9-880B-33B74B084A5B}.Debug|Any CPU.ActiveCfg = Debug|Any CPU
		{82C16BD8-B748-45B9-880B-33B74B084A5B}.Debug|Any CPU.Build.0 = Debug|Any CPU
		{82C16BD8-B748-45B9-880B-33B74B084A5B}.Release|Any CPU.ActiveCfg = Release|Any CPU
		{82C16BD8-B748-45B9-880B-33B74B084A5B}.Release|Any CPU.Build.0 = Release|Any CPU
		{C5AABF5A-FB1D-4290-858B-ACE2D9ACDA9E}.Debug|Any CPU.ActiveCfg = Debug|Any CPU
		{C5AABF5A-FB1D-4290-858B-ACE2D9ACDA9E}.Debug|Any CPU.Build.0 = Debug|Any CPU
		{C5AABF5A-FB1D-4290-858B-ACE2D9ACDA9E}.Release|Any CPU.ActiveCfg = Release|Any CPU
		{C5AABF5A-FB1D-4290-858B-ACE2D9ACDA9E}.Release|Any CPU.Build.0 = Release|Any CPU
		{3465398F-ED2C-4627-B63A-F5D341DE7993}.Debug|Any CPU.ActiveCfg = Debug|Any CPU
		{3465398F-ED2C-4627-B63A-F5D341DE7993}.Debug|Any CPU.Build.0 = Debug|Any CPU
		{3465398F-ED2C-4627-B63A-F5D341DE7993}.Release|Any CPU.ActiveCfg = Release|Any CPU
		{3465398F-ED2C-4627-B63A-F5D341DE7993}.Release|Any CPU.Build.0 = Release|Any CPU
		{7E946AB3-EF83-4CA8-8EB9-7209454FE370}.Debug|Any CPU.ActiveCfg = Debug|Any CPU
		{7E946AB3-EF83-4CA8-8EB9-7209454FE370}.Debug|Any CPU.Build.0 = Debug|Any CPU
		{7E946AB3-EF83-4CA8-8EB9-7209454FE370}.Release|Any CPU.ActiveCfg = Release|Any CPU
		{7E946AB3-EF83-4CA8-8EB9-7209454FE370}.Release|Any CPU.Build.0 = Release|Any CPU
		{7895EAE6-A80E-4E18-A87F-B04E24D64800}.Debug|Any CPU.ActiveCfg = Debug|Any CPU
		{7895EAE6-A80E-4E18-A87F-B04E24D64800}.Debug|Any CPU.Build.0 = Debug|Any CPU
		{7895EAE6-A80E-4E18-A87F-B04E24D64800}.Release|Any CPU.ActiveCfg = Release|Any CPU
		{7895EAE6-A80E-4E18-A87F-B04E24D64800}.Release|Any CPU.Build.0 = Release|Any CPU
	EndGlobalSection
	GlobalSection(SolutionProperties) = preSolution
		HideSolutionNode = FALSE
	EndGlobalSection
	GlobalSection(NestedProjects) = preSolution
		{0ECDE9CD-BEB9-4E54-B6A1-5E5291D9B4EB} = {E9FD57DA-42B8-4D05-97F8-61F253167B7C}
		{FE9196D0-881E-4FC4-992B-579BE1B5147E} = {AE25C10A-CE6C-4D7A-B3E6-65C0CBDE5C85}
		{3DB718F7-4AEE-44F3-844E-1AC21EA17E94} = {B4B54CB6-416D-42C8-8435-A48B12DF8841}
		{86567948-3994-4E83-B523-098BB3F6E887} = {E7AF359A-BC68-4D84-8787-FE1A529CD7F2}
		{9263B2AF-D5E2-4D9E-B891-7C81E0E7D374} = {354EAA9D-57E7-454C-B59E-4C9AA9561F3A}
		{82C16BD8-B748-45B9-880B-33B74B084A5B} = {2EE9B6EC-DB0D-42F0-83C6-211E3794AFFB}
		{C5AABF5A-FB1D-4290-858B-ACE2D9ACDA9E} = {23952C10-16DA-4794-8C23-0325344B5225}
		{BDB3A002-91D1-441A-A6D2-83F4E38B27C9} = {1C893BC1-24D4-4FD7-B7A1-3DBAAAFAF28F}
		{E9FD57DA-42B8-4D05-97F8-61F253167B7C} = {1C893BC1-24D4-4FD7-B7A1-3DBAAAFAF28F}
		{AE25C10A-CE6C-4D7A-B3E6-65C0CBDE5C85} = {1C893BC1-24D4-4FD7-B7A1-3DBAAAFAF28F}
		{B4B54CB6-416D-42C8-8435-A48B12DF8841} = {BDB3A002-91D1-441A-A6D2-83F4E38B27C9}
		{EBEB62F6-5978-48CB-8F09-A0CF76C496A9} = {BDB3A002-91D1-441A-A6D2-83F4E38B27C9}
		{67C002B1-C3F1-4D87-B51C-2F7A3685ED75} = {BDB3A002-91D1-441A-A6D2-83F4E38B27C9}
		{3465398F-ED2C-4627-B63A-F5D341DE7993} = {EBEB62F6-5978-48CB-8F09-A0CF76C496A9}
		{7E946AB3-EF83-4CA8-8EB9-7209454FE370} = {67C002B1-C3F1-4D87-B51C-2F7A3685ED75}
		{7895EAE6-A80E-4E18-A87F-B04E24D64800} = {67C002B1-C3F1-4D87-B51C-2F7A3685ED75}
		{E7AF359A-BC68-4D84-8787-FE1A529CD7F2} = {BDB3A002-91D1-441A-A6D2-83F4E38B27C9}
	EndGlobalSection
	GlobalSection(ExtensibilityGlobals) = postSolution
		SolutionGuid = {A8809C39-402B-458A-AC2F-6059F3B243E4}
	EndGlobalSection
EndGlobal
